
Microsoft Visual Studio Solution File, Format Version 12.00
# Visual Studio 2012
Project("{8BC9CEB8-8B4A-11D0-8D11-00A0C91BC942}") = "GBEmu", "GBEmu\GBEmu.vcxproj", "{2188C7AB-3362-48FE-9C08-6910D0135BF9}"
EndProject
Project("{8BC9CEB8-8B4A-11D0-8D11-00A0C91BC942}") = "Emulator", "Emulator\Emulator.vcxproj", "{C416738A-9DF0-414D-9AAE-E0DF2D3767E3}"
EndProject
Global
	GlobalSection(SolutionConfigurationPlatforms) = preSolution
		Debug|Win32 = Debug|Win32
		Release|Win32 = Release|Win32
	EndGlobalSection
	GlobalSection(ProjectConfigurationPlatforms) = postSolution
		{2188C7AB-3362-48FE-9C08-6910D0135BF9}.Debug|Win32.ActiveCfg = Debug|Win32
		{2188C7AB-3362-48FE-9C08-6910D0135BF9}.Debug|Win32.Build.0 = Debug|Win32
		{2188C7AB-3362-48FE-9C08-6910D0135BF9}.Release|Win32.ActiveCfg = Release|Win32
		{2188C7AB-3362-48FE-9C08-6910D0135BF9}.Release|Win32.Build.0 = Release|Win32
		{C416738A-9DF0-414D-9AAE-E0DF2D3767E3}.Debug|Win32.ActiveCfg = Debug|Win32
		{C416738A-9DF0-414D-9AAE-E0DF2D3767E3}.Debug|Win32.Build.0 = Debug|Win32
		{C416738A-9DF0-414D-9AAE-E0DF2D3767E3}.Release|Win32.ActiveCfg = Release|Win32
		{C416738A-9DF0-414D-9AAE-E0DF2D3767E3}.Release|Win32.Build.0 = Release|Win32
	EndGlobalSection
	GlobalSection(SolutionProperties) = preSolution
		HideSolutionNode = FALSE
	EndGlobalSection
EndGlobal
